
Microsoft Visual Studio Solution File, Format Version 12.00
# Visual Studio Version 17
VisualStudioVersion = 17.9.34622.214
MinimumVisualStudioVersion = 10.0.40219.1
Project("{FAE04EC0-301F-11D3-BF4B-00C04F79EFBC}") = "AuthWindowTest", "AutWindowTest\AuthWindowTest.csproj", "{8D576EDA-7407-4A1F-9C6A-020B270DFD2B}"
EndProject
Global
	GlobalSection(SolutionConfigurationPlatforms) = preSolution
		Debug|Any CPU = Debug|Any CPU
		Release|Any CPU = Release|Any CPU
	EndGlobalSection
	GlobalSection(ProjectConfigurationPlatforms) = postSolution
		{8D576EDA-7407-4A1F-9C6A-020B270DFD2B}.Debug|Any CPU.ActiveCfg = Debug|Any CPU
		{8D576EDA-7407-4A1F-9C6A-020B270DFD2B}.Debug|Any CPU.Build.0 = Debug|Any CPU
		{8D576EDA-7407-4A1F-9C6A-020B270DFD2B}.Debug|Any CPU.Deploy.0 = Debug|Any CPU
		{8D576EDA-7407-4A1F-9C6A-020B270DFD2B}.Release|Any CPU.ActiveCfg = Release|Any CPU
		{8D576EDA-7407-4A1F-9C6A-020B270DFD2B}.Release|Any CPU.Build.0 = Release|Any CPU
		{8D576EDA-7407-4A1F-9C6A-020B270DFD2B}.Release|Any CPU.Deploy.0 = Release|Any CPU
	EndGlobalSection
	GlobalSection(SolutionProperties) = preSolution
		HideSolutionNode = FALSE
	EndGlobalSection
	GlobalSection(ExtensibilityGlobals) = postSolution
		SolutionGuid = {6A2B189E-A1DB-4A27-991E-9CB3DAA66C55}
	EndGlobalSection
EndGlobal
